
Microsoft Visual Studio Solution File, Format Version 12.00
# Visual Studio 14
VisualStudioVersion = 14.0.25402.0
MinimumVisualStudioVersion = 10.0.40219.1
Project("{FAE04EC0-301F-11D3-BF4B-00C04F79EFBC}") = "TecnicalTests.Agent", "TechnicalTests.Agent\TecnicalTests.Agent.csproj", "{EAD91819-4261-4D4D-A314-C263226596F0}"
EndProject
Project("{FAE04EC0-301F-11D3-BF4B-00C04F79EFBC}") = "TechnicalTests.Candidates", "TechnicalTests.ChangeDate.Candidates\TechnicalTests.Candidates.csproj", "{C3F967D9-4B99-4040-9C79-37AC7780AD90}"
EndProject
Project("{FAE04EC0-301F-11D3-BF4B-00C04F79EFBC}") = "TechnicalTests.ChangeDate.Test", "TechnicalTests.ChangeDate.Tests\TechnicalTests.ChangeDate.Test.csproj", "{B1030CE5-01CC-4EE9-AA37-20F387B13451}"
EndProject
Project("{2150E333-8FDC-42A3-9474-1A3956D46DE8}") = "Agent", "Agent", "{00BEF4E7-D95A-437C-BD85-7D8D574DA77E}"
EndProject
Global
	GlobalSection(SolutionConfigurationPlatforms) = preSolution
		Debug|Any CPU = Debug|Any CPU
		Release|Any CPU = Release|Any CPU
	EndGlobalSection
	GlobalSection(ProjectConfigurationPlatforms) = postSolution
		{EAD91819-4261-4D4D-A314-C263226596F0}.Debug|Any CPU.ActiveCfg = Debug|Any CPU
		{EAD91819-4261-4D4D-A314-C263226596F0}.Debug|Any CPU.Build.0 = Debug|Any CPU
		{EAD91819-4261-4D4D-A314-C263226596F0}.Release|Any CPU.ActiveCfg = Release|Any CPU
		{EAD91819-4261-4D4D-A314-C263226596F0}.Release|Any CPU.Build.0 = Release|Any CPU
		{C3F967D9-4B99-4040-9C79-37AC7780AD90}.Debug|Any CPU.ActiveCfg = Debug|Any CPU
		{C3F967D9-4B99-4040-9C79-37AC7780AD90}.Debug|Any CPU.Build.0 = Debug|Any CPU
		{C3F967D9-4B99-4040-9C79-37AC7780AD90}.Release|Any CPU.ActiveCfg = Release|Any CPU
		{C3F967D9-4B99-4040-9C79-37AC7780AD90}.Release|Any CPU.Build.0 = Release|Any CPU
		{B1030CE5-01CC-4EE9-AA37-20F387B13451}.Debug|Any CPU.ActiveCfg = Debug|Any CPU
		{B1030CE5-01CC-4EE9-AA37-20F387B13451}.Debug|Any CPU.Build.0 = Debug|Any CPU
		{B1030CE5-01CC-4EE9-AA37-20F387B13451}.Release|Any CPU.ActiveCfg = Release|Any CPU
		{B1030CE5-01CC-4EE9-AA37-20F387B13451}.Release|Any CPU.Build.0 = Release|Any CPU
	EndGlobalSection
	GlobalSection(SolutionProperties) = preSolution
		HideSolutionNode = FALSE
	EndGlobalSection
	GlobalSection(NestedProjects) = preSolution
		{EAD91819-4261-4D4D-A314-C263226596F0} = {00BEF4E7-D95A-437C-BD85-7D8D574DA77E}
		{C3F967D9-4B99-4040-9C79-37AC7780AD90} = {00BEF4E7-D95A-437C-BD85-7D8D574DA77E}
		{B1030CE5-01CC-4EE9-AA37-20F387B13451} = {00BEF4E7-D95A-437C-BD85-7D8D574DA77E}
	EndGlobalSection
EndGlobal
